// !$*UTF8*$!
{
	archiveVersion = 1;
	classes = {
	};
	objectVersion = 50;
	objects = {

/* Begin PBXBuildFile section */
		B1DE1BB821D53F90009F6B0A /* AppDelegate.swift in Sources */ = {isa = PBXBuildFile; fileRef = B1DE1BB721D53F90009F6B0A /* AppDelegate.swift */; };
		B1DE1BBA21D53F90009F6B0A /* ViewController.swift in Sources */ = {isa = PBXBuildFile; fileRef = B1DE1BB921D53F90009F6B0A /* ViewController.swift */; };
		B1DE1BBF21D53F9C009F6B0A /* Assets.xcassets in Resources */ = {isa = PBXBuildFile; fileRef = B1DE1BBE21D53F9C009F6B0A /* Assets.xcassets */; };
		B1DE1BC221D53F9C009F6B0A /* LaunchScreen.storyboard in Resources */ = {isa = PBXBuildFile; fileRef = B1DE1BC021D53F9C009F6B0A /* LaunchScreen.storyboard */; };
		B1DE1BCD21D53F9D009F6B0A /* NegarCustomVideoPlayerTests.swift in Sources */ = {isa = PBXBuildFile; fileRef = B1DE1BCC21D53F9D009F6B0A /* NegarCustomVideoPlayerTests.swift */; };
		B1DE1BD821D53F9D009F6B0A /* NegarCustomVideoPlayerUITests.swift in Sources */ = {isa = PBXBuildFile; fileRef = B1DE1BD721D53F9D009F6B0A /* NegarCustomVideoPlayerUITests.swift */; };
		B1DE1BE621D54078009F6B0A /* Main.storyboard in Resources */ = {isa = PBXBuildFile; fileRef = B1DE1BE521D54078009F6B0A /* Main.storyboard */; };
/* End PBXBuildFile section */

/* Begin PBXContainerItemProxy section */
		B1DE1BC921D53F9D009F6B0A /* PBXContainerItemProxy */ = {
			isa = PBXContainerItemProxy;
			containerPortal = B1DE1BAC21D53F90009F6B0A /* Project object */;
			proxyType = 1;
			remoteGlobalIDString = B1DE1BB321D53F90009F6B0A;
			remoteInfo = NegarCustomVideoPlayer;
		};
		B1DE1BD421D53F9D009F6B0A /* PBXContainerItemProxy */ = {
			isa = PBXContainerItemProxy;
			containerPortal = B1DE1BAC21D53F90009F6B0A /* Project object */;
			proxyType = 1;
			remoteGlobalIDString = B1DE1BB321D53F90009F6B0A;
			remoteInfo = NegarCustomVideoPlayer;
		};
/* End PBXContainerItemProxy section */

/* Begin PBXFileReference section */
		B1DE1BB421D53F90009F6B0A /* NegarCustomVideoPlayer.app */ = {isa = PBXFileReference; explicitFileType = wrapper.application; includeInIndex = 0; path = NegarCustomVideoPlayer.app; sourceTree = BUILT_PRODUCTS_DIR; };
		B1DE1BB721D53F90009F6B0A /* AppDelegate.swift */ = {isa = PBXFileReference; lastKnownFileType = sourcecode.swift; path = AppDelegate.swift; sourceTree = "<group>"; };
		B1DE1BB921D53F90009F6B0A /* ViewController.swift */ = {isa = PBXFileReference; lastKnownFileType = sourcecode.swift; path = ViewController.swift; sourceTree = "<group>"; };
		B1DE1BBE21D53F9C009F6B0A /* Assets.xcassets */ = {isa = PBXFileReference; lastKnownFileType = folder.assetcatalog; path = Assets.xcassets; sourceTree = "<group>"; };
		B1DE1BC121D53F9C009F6B0A /* Base */ = {isa = PBXFileReference; lastKnownFileType = file.storyboard; name = Base; path = Base.lproj/LaunchScreen.storyboard; sourceTree = "<group>"; };
		B1DE1BC321D53F9C009F6B0A /* Info.plist */ = {isa = PBXFileReference; lastKnownFileType = text.plist.xml; path = Info.plist; sourceTree = "<group>"; };
		B1DE1BC821D53F9D009F6B0A /* NegarCustomVideoPlayerTests.xctest */ = {isa = PBXFileReference; explicitFileType = wrapper.cfbundle; includeInIndex = 0; path = NegarCustomVideoPlayerTests.xctest; sourceTree = BUILT_PRODUCTS_DIR; };
		B1DE1BCC21D53F9D009F6B0A /* NegarCustomVideoPlayerTests.swift */ = {isa = PBXFileReference; lastKnownFileType = sourcecode.swift; path = NegarCustomVideoPlayerTests.swift; sourceTree = "<group>"; };
		B1DE1BCE21D53F9D009F6B0A /* Info.plist */ = {isa = PBXFileReference; lastKnownFileType = text.plist.xml; path = Info.plist; sourceTree = "<group>"; };
		B1DE1BD321D53F9D009F6B0A /* NegarCustomVideoPlayerUITests.xctest */ = {isa = PBXFileReference; explicitFileType = wrapper.cfbundle; includeInIndex = 0; path = NegarCustomVideoPlayerUITests.xctest; sourceTree = BUILT_PRODUCTS_DIR; };
		B1DE1BD721D53F9D009F6B0A /* NegarCustomVideoPlayerUITests.swift */ = {isa = PBXFileReference; lastKnownFileType = sourcecode.swift; path = NegarCustomVideoPlayerUITests.swift; sourceTree = "<group>"; };
		B1DE1BD921D53F9D009F6B0A /* Info.plist */ = {isa = PBXFileReference; lastKnownFileType = text.plist.xml; path = Info.plist; sourceTree = "<group>"; };
		B1DE1BE521D54078009F6B0A /* Main.storyboard */ = {isa = PBXFileReference; fileEncoding = 4; lastKnownFileType = file.storyboard; path = Main.storyboard; sourceTree = "<group>"; };
		B1DE1BE721D542AD009F6B0A /* cara.mp4 */ = {isa = PBXFileReference; lastKnownFileType = file; path = cara.mp4; sourceTree = "<group>"; };
/* End PBXFileReference section */

/* Begin PBXFrameworksBuildPhase section */
		B1DE1BB121D53F90009F6B0A /* Frameworks */ = {
			isa = PBXFrameworksBuildPhase;
			buildActionMask = 2147483647;
			files = (
			);
			runOnlyForDeploymentPostprocessing = 0;
		};
		B1DE1BC521D53F9D009F6B0A /* Frameworks */ = {
			isa = PBXFrameworksBuildPhase;
			buildActionMask = 2147483647;
			files = (
			);
			runOnlyForDeploymentPostprocessing = 0;
		};
		B1DE1BD021D53F9D009F6B0A /* Frameworks */ = {
			isa = PBXFrameworksBuildPhase;
			buildActionMask = 2147483647;
			files = (
			);
			runOnlyForDeploymentPostprocessing = 0;
		};
/* End PBXFrameworksBuildPhase section */

/* Begin PBXGroup section */
		B1DE1BAB21D53F90009F6B0A = {
			isa = PBXGroup;
			children = (
				B1DE1BB621D53F90009F6B0A /* NegarCustomVideoPlayer */,
				B1DE1BCB21D53F9D009F6B0A /* NegarCustomVideoPlayerTests */,
				B1DE1BD621D53F9D009F6B0A /* NegarCustomVideoPlayerUITests */,
				B1DE1BB521D53F90009F6B0A /* Products */,
			);
			sourceTree = "<group>";
		};
		B1DE1BB521D53F90009F6B0A /* Products */ = {
			isa = PBXGroup;
			children = (
				B1DE1BB421D53F90009F6B0A /* NegarCustomVideoPlayer.app */,
				B1DE1BC821D53F9D009F6B0A /* NegarCustomVideoPlayerTests.xctest */,
				B1DE1BD321D53F9D009F6B0A /* NegarCustomVideoPlayerUITests.xctest */,
			);
			name = Products;
			sourceTree = "<group>";
		};
		B1DE1BB621D53F90009F6B0A /* NegarCustomVideoPlayer */ = {
			isa = PBXGroup;
			children = (
				B1DE1BE721D542AD009F6B0A /* cara.mp4 */,
				B1DE1BB721D53F90009F6B0A /* AppDelegate.swift */,
				B1DE1BB921D53F90009F6B0A /* ViewController.swift */,
				B1DE1BE521D54078009F6B0A /* Main.storyboard */,
				B1DE1BBE21D53F9C009F6B0A /* Assets.xcassets */,
				B1DE1BC021D53F9C009F6B0A /* LaunchScreen.storyboard */,
				B1DE1BC321D53F9C009F6B0A /* Info.plist */,
			);
			path = NegarCustomVideoPlayer;
			sourceTree = "<group>";
		};
		B1DE1BCB21D53F9D009F6B0A /* NegarCustomVideoPlayerTests */ = {
			isa = PBXGroup;
			children = (
				B1DE1BCC21D53F9D009F6B0A /* NegarCustomVideoPlayerTests.swift */,
				B1DE1BCE21D53F9D009F6B0A /* Info.plist */,
			);
			path = NegarCustomVideoPlayerTests;
			sourceTree = "<group>";
		};
		B1DE1BD621D53F9D009F6B0A /* NegarCustomVideoPlayerUITests */ = {
			isa = PBXGroup;
			children = (
				B1DE1BD721D53F9D009F6B0A /* NegarCustomVideoPlayerUITests.swift */,
				B1DE1BD921D53F9D009F6B0A /* Info.plist */,
			);
			path = NegarCustomVideoPlayerUITests;
			sourceTree = "<group>";
		};
/* End PBXGroup section */

/* Begin PBXNativeTarget section */
		B1DE1BB321D53F90009F6B0A /* NegarCustomVideoPlayer */ = {
			isa = PBXNativeTarget;
			buildConfigurationList = B1DE1BDC21D53F9D009F6B0A /* Build configuration list for PBXNativeTarget "NegarCustomVideoPlayer" */;
			buildPhases = (
				B1DE1BB021D53F90009F6B0A /* Sources */,
				B1DE1BB121D53F90009F6B0A /* Frameworks */,
				B1DE1BB221D53F90009F6B0A /* Resources */,
			);
			buildRules = (
			);
			dependencies = (
			);
			name = NegarCustomVideoPlayer;
			productName = NegarCustomVideoPlayer;
			productReference = B1DE1BB421D53F90009F6B0A /* NegarCustomVideoPlayer.app */;
			productType = "com.apple.product-type.application";
		};
		B1DE1BC721D53F9D009F6B0A /* NegarCustomVideoPlayerTests */ = {
			isa = PBXNativeTarget;
			buildConfigurationList = B1DE1BDF21D53F9D009F6B0A /* Build configuration list for PBXNativeTarget "NegarCustomVideoPlayerTests" */;
			buildPhases = (
				B1DE1BC421D53F9D009F6B0A /* Sources */,
				B1DE1BC521D53F9D009F6B0A /* Frameworks */,
				B1DE1BC621D53F9D009F6B0A /* Resources */,
			);
			buildRules = (
			);
			dependencies = (
				B1DE1BCA21D53F9D009F6B0A /* PBXTargetDependency */,
			);
			name = NegarCustomVideoPlayerTests;
			productName = NegarCustomVideoPlayerTests;
			productReference = B1DE1BC821D53F9D009F6B0A /* NegarCustomVideoPlayerTests.xctest */;
			productType = "com.apple.product-type.bundle.unit-test";
		};
		B1DE1BD221D53F9D009F6B0A /* NegarCustomVideoPlayerUITests */ = {
			isa = PBXNativeTarget;
			buildConfigurationList = B1DE1BE221D53F9D009F6B0A /* Build configuration list for PBXNativeTarget "NegarCustomVideoPlayerUITests" */;
			buildPhases = (
				B1DE1BCF21D53F9D009F6B0A /* Sources */,
				B1DE1BD021D53F9D009F6B0A /* Frameworks */,
				B1DE1BD121D53F9D009F6B0A /* Resources */,
			);
			buildRules = (
			);
			dependencies = (
				B1DE1BD521D53F9D009F6B0A /* PBXTargetDependency */,
			);
			name = NegarCustomVideoPlayerUITests;
			productName = NegarCustomVideoPlayerUITests;
			productReference = B1DE1BD321D53F9D009F6B0A /* NegarCustomVideoPlayerUITests.xctest */;
			productType = "com.apple.product-type.bundle.ui-testing";
		};
/* End PBXNativeTarget section */

/* Begin PBXProject section */
		B1DE1BAC21D53F90009F6B0A /* Project object */ = {
			isa = PBXProject;
			attributes = {
				LastSwiftUpdateCheck = 1010;
				LastUpgradeCheck = 1010;
				ORGANIZATIONNAME = "Negar kamali";
				TargetAttributes = {
					B1DE1BB321D53F90009F6B0A = {
						CreatedOnToolsVersion = 10.1;
						LastSwiftMigration = 1010;
					};
					B1DE1BC721D53F9D009F6B0A = {
						CreatedOnToolsVersion = 10.1;
						TestTargetID = B1DE1BB321D53F90009F6B0A;
					};
					B1DE1BD221D53F9D009F6B0A = {
						CreatedOnToolsVersion = 10.1;
						TestTargetID = B1DE1BB321D53F90009F6B0A;
					};
				};
			};
			buildConfigurationList = B1DE1BAF21D53F90009F6B0A /* Build configuration list for PBXProject "NegarCustomVideoPlayer" */;
			compatibilityVersion = "Xcode 9.3";
			developmentRegion = en;
			hasScannedForEncodings = 0;
			knownRegions = (
				en,
				Base,
			);
			mainGroup = B1DE1BAB21D53F90009F6B0A;
			productRefGroup = B1DE1BB521D53F90009F6B0A /* Products */;
			projectDirPath = "";
			projectRoot = "";
			targets = (
				B1DE1BB321D53F90009F6B0A /* NegarCustomVideoPlayer */,
				B1DE1BC721D53F9D009F6B0A /* NegarCustomVideoPlayerTests */,
				B1DE1BD221D53F9D009F6B0A /* NegarCustomVideoPlayerUITests */,
			);
		};
/* End PBXProject section */

/* Begin PBXResourcesBuildPhase section */
		B1DE1BB221D53F90009F6B0A /* Resources */ = {
			isa = PBXResourcesBuildPhase;
			buildActionMask = 2147483647;
			files = (
				B1DE1BE621D54078009F6B0A /* Main.storyboard in Resources */,
				B1DE1BC221D53F9C009F6B0A /* LaunchScreen.storyboard in Resources */,
				B1DE1BBF21D53F9C009F6B0A /* Assets.xcassets in Resources */,
			);
			runOnlyForDeploymentPostprocessing = 0;
		};
		B1DE1BC621D53F9D009F6B0A /* Resources */ = {
			isa = PBXResourcesBuildPhase;
			buildActionMask = 2147483647;
			files = (
			);
			runOnlyForDeploymentPostprocessing = 0;
		};
		B1DE1BD121D53F9D009F6B0A /* Resources */ = {
			isa = PBXResourcesBuildPhase;
			buildActionMask = 2147483647;
			files = (
			);
			runOnlyForDeploymentPostprocessing = 0;
		};
/* End PBXResourcesBuildPhase section */

/* Begin PBXSourcesBuildPhase section */
		B1DE1BB021D53F90009F6B0A /* Sources */ = {
			isa = PBXSourcesBuildPhase;
			buildActionMask = 2147483647;
			files = (
				B1DE1BBA21D53F90009F6B0A /* ViewController.swift in Sources */,
				B1DE1BB821D53F90009F6B0A /* AppDelegate.swift in Sources */,
			);
			runOnlyForDeploymentPostprocessing = 0;
		};
		B1DE1BC421D53F9D009F6B0A /* Sources */ = {
			isa = PBXSourcesBuildPhase;
			buildActionMask = 2147483647;
			files = (
				B1DE1BCD21D53F9D009F6B0A /* NegarCustomVideoPlayerTests.swift in Sources */,
			);
			runOnlyForDeploymentPostprocessing = 0;
		};
		B1DE1BCF21D53F9D009F6B0A /* Sources */ = {
			isa = PBXSourcesBuildPhase;
			buildActionMask = 2147483647;
			files = (
				B1DE1BD821D53F9D009F6B0A /* NegarCustomVideoPlayerUITests.swift in Sources */,
			);
			runOnlyForDeploymentPostprocessing = 0;
		};
/* End PBXSourcesBuildPhase section */

/* Begin PBXTargetDependency section */
		B1DE1BCA21D53F9D009F6B0A /* PBXTargetDependency */ = {
			isa = PBXTargetDependency;
			target = B1DE1BB321D53F90009F6B0A /* NegarCustomVideoPlayer */;
			targetProxy = B1DE1BC921D53F9D009F6B0A /* PBXContainerItemProxy */;
		};
		B1DE1BD521D53F9D009F6B0A /* PBXTargetDependency */ = {
			isa = PBXTargetDependency;
			target = B1DE1BB321D53F90009F6B0A /* NegarCustomVideoPlayer */;
			targetProxy = B1DE1BD421D53F9D009F6B0A /* PBXContainerItemProxy */;
		};
/* End PBXTargetDependency section */

/* Begin PBXVariantGroup section */
		B1DE1BC021D53F9C009F6B0A /* LaunchScreen.storyboard */ = {
			isa = PBXVariantGroup;
			children = (
				B1DE1BC121D53F9C009F6B0A /* Base */,
			);
			name = LaunchScreen.storyboard;
			sourceTree = "<group>";
		};
/* End PBXVariantGroup section */

/* Begin XCBuildConfiguration section */
		B1DE1BDA21D53F9D009F6B0A /* Debug */ = {
			isa = XCBuildConfiguration;
			buildSettings = {
				ALWAYS_SEARCH_USER_PATHS = NO;
				CLANG_ANALYZER_NONNULL = YES;
				CLANG_ANALYZER_NUMBER_OBJECT_CONVERSION = YES_AGGRESSIVE;
				CLANG_CXX_LANGUAGE_STANDARD = "gnu++14";
				CLANG_CXX_LIBRARY = "libc++";
				CLANG_ENABLE_MODULES = YES;
				CLANG_ENABLE_OBJC_ARC = YES;
				CLANG_ENABLE_OBJC_WEAK = YES;
				CLANG_WARN_BLOCK_CAPTURE_AUTORELEASING = YES;
				CLANG_WARN_BOOL_CONVERSION = YES;
				CLANG_WARN_COMMA = YES;
				CLANG_WARN_CONSTANT_CONVERSION = YES;
				CLANG_WARN_DEPRECATED_OBJC_IMPLEMENTATIONS = YES;
				CLANG_WARN_DIRECT_OBJC_ISA_USAGE = YES_ERROR;
				CLANG_WARN_DOCUMENTATION_COMMENTS = YES;
				CLANG_WARN_EMPTY_BODY = YES;
				CLANG_WARN_ENUM_CONVERSION = YES;
				CLANG_WARN_INFINITE_RECURSION = YES;
				CLANG_WARN_INT_CONVERSION = YES;
				CLANG_WARN_NON_LITERAL_NULL_CONVERSION = YES;
				CLANG_WARN_OBJC_IMPLICIT_RETAIN_SELF = YES;
				CLANG_WARN_OBJC_LITERAL_CONVERSION = YES;
				CLANG_WARN_OBJC_ROOT_CLASS = YES_ERROR;
				CLANG_WARN_RANGE_LOOP_ANALYSIS = YES;
				CLANG_WARN_STRICT_PROTOTYPES = YES;
				CLANG_WARN_SUSPICIOUS_MOVE = YES;
				CLANG_WARN_UNGUARDED_AVAILABILITY = YES_AGGRESSIVE;
				CLANG_WARN_UNREACHABLE_CODE = YES;
				CLANG_WARN__DUPLICATE_METHOD_MATCH = YES;
				CODE_SIGN_IDENTITY = "iPhone Developer";
				COPY_PHASE_STRIP = NO;
				DEBUG_INFORMATION_FORMAT = dwarf;
				ENABLE_STRICT_OBJC_MSGSEND = YES;
				ENABLE_TESTABILITY = YES;
				GCC_C_LANGUAGE_STANDARD = gnu11;
				GCC_DYNAMIC_NO_PIC = NO;
				GCC_NO_COMMON_BLOCKS = YES;
				GCC_OPTIMIZATION_LEVEL = 0;
				GCC_PREPROCESSOR_DEFINITIONS = (
					"DEBUG=1",
					"$(inherited)",
				);
				GCC_WARN_64_TO_32_BIT_CONVERSION = YES;
				GCC_WARN_ABOUT_RETURN_TYPE = YES_ERROR;
				GCC_WARN_UNDECLARED_SELECTOR = YES;
				GCC_WARN_UNINITIALIZED_AUTOS = YES_AGGRESSIVE;
				GCC_WARN_UNUSED_FUNCTION = YES;
				GCC_WARN_UNUSED_VARIABLE = YES;
				IPHONEOS_DEPLOYMENT_TARGET = 12.1;
				MTL_ENABLE_DEBUG_INFO = INCLUDE_SOURCE;
				MTL_FAST_MATH = YES;
				ONLY_ACTIVE_ARCH = YES;
				SDKROOT = iphoneos;
				SWIFT_ACTIVE_COMPILATION_CONDITIONS = DEBUG;
				SWIFT_OPTIMIZATION_LEVEL = "-Onone";
			};
			name = Debug;
		};
		B1DE1BDB21D53F9D009F6B0A /* Release */ = {
			isa = XCBuildConfiguration;
			buildSettings = {
				ALWAYS_SEARCH_USER_PATHS = NO;
				CLANG_ANALYZER_NONNULL = YES;
				CLANG_ANALYZER_NUMBER_OBJECT_CONVERSION = YES_AGGRESSIVE;
				CLANG_CXX_LANGUAGE_STANDARD = "gnu++14";
				CLANG_CXX_LIBRARY = "libc++";
				CLANG_ENABLE_MODULES = YES;
				CLANG_ENABLE_OBJC_ARC = YES;
				CLANG_ENABLE_OBJC_WEAK = YES;
				CLANG_WARN_BLOCK_CAPTURE_AUTORELEASING = YES;
				CLANG_WARN_BOOL_CONVERSION = YES;
				CLANG_WARN_COMMA = YES;
				CLANG_WARN_CONSTANT_CONVERSION = YES;
				CLANG_WARN_DEPRECATED_OBJC_IMPLEMENTATIONS = YES;
				CLANG_WARN_DIRECT_OBJC_ISA_USAGE = YES_ERROR;
				CLANG_WARN_DOCUMENTATION_COMMENTS = YES;
				CLANG_WARN_EMPTY_BODY = YES;
				CLANG_WARN_ENUM_CONVERSION = YES;
				CLANG_WARN_INFINITE_RECURSION = YES;
				CLANG_WARN_INT_CONVERSION = YES;
				CLANG_WARN_NON_LITERAL_NULL_CONVERSION = YES;
				CLANG_WARN_OBJC_IMPLICIT_RETAIN_SELF = YES;
				CLANG_WARN_OBJC_LITERAL_CONVERSION = YES;
				CLANG_WARN_OBJC_ROOT_CLASS = YES_ERROR;
				CLANG_WARN_RANGE_LOOP_ANALYSIS = YES;
				CLANG_WARN_STRICT_PROTOTYPES = YES;
				CLANG_WARN_SUSPICIOUS_MOVE = YES;
				CLANG_WARN_UNGUARDED_AVAILABILITY = YES_AGGRESSIVE;
				CLANG_WARN_UNREACHABLE_CODE = YES;
				CLANG_WARN__DUPLICATE_METHOD_MATCH = YES;
				CODE_SIGN_IDENTITY = "iPhone Developer";
				COPY_PHASE_STRIP = NO;
				DEBUG_INFORMATION_FORMAT = "dwarf-with-dsym";
				ENABLE_NS_ASSERTIONS = NO;
				ENABLE_STRICT_OBJC_MSGSEND = YES;
				GCC_C_LANGUAGE_STANDARD = gnu11;
				GCC_NO_COMMON_BLOCKS = YES;
				GCC_WARN_64_TO_32_BIT_CONVERSION = YES;
				GCC_WARN_ABOUT_RETURN_TYPE = YES_ERROR;
				GCC_WARN_UNDECLARED_SELECTOR = YES;
				GCC_WARN_UNINITIALIZED_AUTOS = YES_AGGRESSIVE;
				GCC_WARN_UNUSED_FUNCTION = YES;
				GCC_WARN_UNUSED_VARIABLE = YES;
				IPHONEOS_DEPLOYMENT_TARGET = 12.1;
				MTL_ENABLE_DEBUG_INFO = NO;
				MTL_FAST_MATH = YES;
				SDKROOT = iphoneos;
				SWIFT_COMPILATION_MODE = wholemodule;
				SWIFT_OPTIMIZATION_LEVEL = "-O";
				VALIDATE_PRODUCT = YES;
			};
			name = Release;
		};
		B1DE1BDD21D53F9D009F6B0A /* Debug */ = {
			isa = XCBuildConfiguration;
			buildSettings = {
				ASSETCATALOG_COMPILER_APPICON_NAME = AppIcon;
				CODE_SIGN_STYLE = Automatic;
				DEVELOPMENT_TEAM = TLMHWFC646;
				INFOPLIST_FILE = NegarCustomVideoPlayer/Info.plist;
				IPHONEOS_DEPLOYMENT_TARGET = 11.0;
				LD_RUNPATH_SEARCH_PATHS = (
					"$(inherited)",
					"@executable_path/Frameworks",
				);
				PRODUCT_BUNDLE_IDENTIFIER = NinVIdeo.NegarCustomVideoPlayer;
				PRODUCT_NAME = "$(TARGET_NAME)";
				SWIFT_VERSION = 4.2;
				TARGETED_DEVICE_FAMILY = "1,2";
			};
			name = Debug;
		};
		B1DE1BDE21D53F9D009F6B0A /* Release */ = {
			isa = XCBuildConfiguration;
			buildSettings = {
				ASSETCATALOG_COMPILER_APPICON_NAME = AppIcon;
				CODE_SIGN_STYLE = Automatic;
				DEVELOPMENT_TEAM = TLMHWFC646;
				INFOPLIST_FILE = NegarCustomVideoPlayer/Info.plist;
				IPHONEOS_DEPLOYMENT_TARGET = 11.0;
				LD_RUNPATH_SEARCH_PATHS = (
					"$(inherited)",
					"@executable_path/Frameworks",
				);
				PRODUCT_BUNDLE_IDENTIFIER = NinVIdeo.NegarCustomVideoPlayer;
				PRODUCT_NAME = "$(TARGET_NAME)";
				SWIFT_VERSION = 4.2;
				TARGETED_DEVICE_FAMILY = "1,2";
			};
			name = Release;
		};
		B1DE1BE021D53F9D009F6B0A /* Debug */ = {
			isa = XCBuildConfiguration;
			buildSettings = {
				ALWAYS_EMBED_SWIFT_STANDARD_LIBRARIES = YES;
				BUNDLE_LOADER = "$(TEST_HOST)";
				CODE_SIGN_STYLE = Automatic;
				DEVELOPMENT_TEAM = TLMHWFC646;
				INFOPLIST_FILE = NegarCustomVideoPlayerTests/Info.plist;
				LD_RUNPATH_SEARCH_PATHS = (
					"$(inherited)",
					"@executable_path/Frameworks",
					"@loader_path/Frameworks",
				);
				PRODUCT_BUNDLE_IDENTIFIER = NinVIdeo.NegarCustomVideoPlayerTests;
				PRODUCT_NAME = "$(TARGET_NAME)";
				SWIFT_VERSION = 4.2;
				TARGETED_DEVICE_FAMILY = "1,2";
				TEST_HOST = "$(BUILT_PRODUCTS_DIR)/NegarCustomVideoPlayer.app/NegarCustomVideoPlayer";
			};
			name = Debug;
		};
		B1DE1BE121D53F9D009F6B0A /* Release */ = {
			isa = XCBuildConfiguration;
			buildSettings = {
				ALWAYS_EMBED_SWIFT_STANDARD_LIBRARIES = YES;
				BUNDLE_LOADER = "$(TEST_HOST)";
				CODE_SIGN_STYLE = Automatic;
				DEVELOPMENT_TEAM = TLMHWFC646;
				INFOPLIST_FILE = NegarCustomVideoPlayerTests/Info.plist;
				LD_RUNPATH_SEARCH_PATHS = (
					"$(inherited)",
					"@executable_path/Frameworks",
					"@loader_path/Frameworks",
				);
				PRODUCT_BUNDLE_IDENTIFIER = NinVIdeo.NegarCustomVideoPlayerTests;
				PRODUCT_NAME = "$(TARGET_NAME)";
				SWIFT_VERSION = 4.2;
				TARGETED_DEVICE_FAMILY = "1,2";
				TEST_HOST = "$(BUILT_PRODUCTS_DIR)/NegarCustomVideoPlayer.app/NegarCustomVideoPlayer";
			};
			name = Release;
		};
		B1DE1BE321D53F9D009F6B0A /* Debug */ = {
			isa = XCBuildConfiguration;
			buildSettings = {
				ALWAYS_EMBED_SWIFT_STANDARD_LIBRARIES = YES;
				CODE_SIGN_STYLE = Automatic;
				DEVELOPMENT_TEAM = TLMHWFC646;
				INFOPLIST_FILE = NegarCustomVideoPlayerUITests/Info.plist;
				LD_RUNPATH_SEARCH_PATHS = (
					"$(inherited)",
					"@executable_path/Frameworks",
					"@loader_path/Frameworks",
				);
				PRODUCT_BUNDLE_IDENTIFIER = NinVIdeo.NegarCustomVideoPlayerUITests;
				PRODUCT_NAME = "$(TARGET_NAME)";
				SWIFT_VERSION = 4.2;
				TARGETED_DEVICE_FAMILY = "1,2";
				TEST_TARGET_NAME = NegarCustomVideoPlayer;
			};
			name = Debug;
		};
		B1DE1BE421D53F9D009F6B0A /* Release */ = {
			isa = XCBuildConfiguration;
			buildSettings = {
				ALWAYS_EMBED_SWIFT_STANDARD_LIBRARIES = YES;
				CODE_SIGN_STYLE = Automatic;
				DEVELOPMENT_TEAM = TLMHWFC646;
				INFOPLIST_FILE = NegarCustomVideoPlayerUITests/Info.plist;
				LD_RUNPATH_SEARCH_PATHS = (
					"$(inherited)",
					"@executable_path/Frameworks",
					"@loader_path/Frameworks",
				);
				PRODUCT_BUNDLE_IDENTIFIER = NinVIdeo.NegarCustomVideoPlayerUITests;
				PRODUCT_NAME = "$(TARGET_NAME)";
				SWIFT_VERSION = 4.2;
				TARGETED_DEVICE_FAMILY = "1,2";
				TEST_TARGET_NAME = NegarCustomVideoPlayer;
			};
			name = Release;
		};
/* End XCBuildConfiguration section */

/* Begin XCConfigurationList section */
		B1DE1BAF21D53F90009F6B0A /* Build configuration list for PBXProject "NegarCustomVideoPlayer" */ = {
			isa = XCConfigurationList;
			buildConfigurations = (
				B1DE1BDA21D53F9D009F6B0A /* Debug */,
				B1DE1BDB21D53F9D009F6B0A /* Release */,
			);
			defaultConfigurationIsVisible = 0;
			defaultConfigurationName = Release;
		};
		B1DE1BDC21D53F9D009F6B0A /* Build configuration list for PBXNativeTarget "NegarCustomVideoPlayer" */ = {
			isa = XCConfigurationList;
			buildConfigurations = (
				B1DE1BDD21D53F9D009F6B0A /* Debug */,
				B1DE1BDE21D53F9D009F6B0A /* Release */,
			);
			defaultConfigurationIsVisible = 0;
			defaultConfigurationName = Release;
		};
		B1DE1BDF21D53F9D009F6B0A /* Build configuration list for PBXNativeTarget "NegarCustomVideoPlayerTests" */ = {
			isa = XCConfigurationList;
			buildConfigurations = (
				B1DE1BE021D53F9D009F6B0A /* Debug */,
				B1DE1BE121D53F9D009F6B0A /* Release */,
			);
			defaultConfigurationIsVisible = 0;
			defaultConfigurationName = Release;
		};
		B1DE1BE221D53F9D009F6B0A /* Build configuration list for PBXNativeTarget "NegarCustomVideoPlayerUITests" */ = {
			isa = XCConfigurationList;
			buildConfigurations = (
				B1DE1BE321D53F9D009F6B0A /* Debug */,
				B1DE1BE421D53F9D009F6B0A /* Release */,
			);
			defaultConfigurationIsVisible = 0;
			defaultConfigurationName = Release;
		};
/* End XCConfigurationList section */
	};
	rootObject = B1DE1BAC21D53F90009F6B0A /* Project object */;
}
